
Microsoft Visual Studio Solution File, Format Version 12.00
# Visual Studio 15
VisualStudioVersion = 15.0.27703.2042
MinimumVisualStudioVersion = 10.0.40219.1
Project("{FAE04EC0-301F-11D3-BF4B-00C04F79EFBC}") = "VkBot", "VkBot\VkBot.csproj", "{41CD7DF1-4408-414C-9E8E-46E7444CC00A}"
EndProject
Global
	GlobalSection(SolutionConfigurationPlatforms) = preSolution
		Debug|Any CPU = Debug|Any CPU
		Release|Any CPU = Release|Any CPU
	EndGlobalSection
	GlobalSection(ProjectConfigurationPlatforms) = postSolution
		{41CD7DF1-4408-414C-9E8E-46E7444CC00A}.Debug|Any CPU.ActiveCfg = Debug|Any CPU
		{41CD7DF1-4408-414C-9E8E-46E7444CC00A}.Debug|Any CPU.Build.0 = Debug|Any CPU
		{41CD7DF1-4408-414C-9E8E-46E7444CC00A}.Release|Any CPU.ActiveCfg = Release|Any CPU
		{41CD7DF1-4408-414C-9E8E-46E7444CC00A}.Release|Any CPU.Build.0 = Release|Any CPU
	EndGlobalSection
	GlobalSection(SolutionProperties) = preSolution
		HideSolutionNode = FALSE
	EndGlobalSection
	GlobalSection(ExtensibilityGlobals) = postSolution
		SolutionGuid = {B751E637-6CAF-40C0-A710-FC7C6B9D0EE5}
	EndGlobalSection
EndGlobal
